# THIS IS AN AUTOGENERATED FILE. DO NOT EDIT THIS FILE DIRECTLY.
# yarn lockfile v1


"@chevrotain/cst-dts-gen@11.0.3":
  version "11.0.3"
  resolved "https://registry.yarnpkg.com/@chevrotain/cst-dts-gen/-/cst-dts-gen-11.0.3.tgz#5e0863cc57dc45e204ccfee6303225d15d9d4783"
  integrity sha512-BvIKpRLeS/8UbfxXxgC33xOumsacaeCKAjAeLyOn7Pcp95HiRbrpl14S+9vaZLolnbssPIUuiUd8IvgkRyt6NQ==
  dependencies:
    "@chevrotain/gast" "11.0.3"
    "@chevrotain/types" "11.0.3"
    lodash-es "4.17.21"

"@chevrotain/gast@11.0.3":
  version "11.0.3"
  resolved "https://registry.yarnpkg.com/@chevrotain/gast/-/gast-11.0.3.tgz#e84d8880323fe8cbe792ef69ce3ffd43a936e818"
  integrity sha512-+qNfcoNk70PyS/uxmj3li5NiECO+2YKZZQMbmjTqRI3Qchu8Hig/Q9vgkHpI3alNjr7M+a2St5pw5w5F6NL5/Q==
  dependencies:
    "@chevrotain/types" "11.0.3"
    lodash-es "4.17.21"

"@chevrotain/regexp-to-ast@11.0.3":
  version "11.0.3"
  resolved "https://registry.yarnpkg.com/@chevrotain/regexp-to-ast/-/regexp-to-ast-11.0.3.tgz#11429a81c74a8e6a829271ce02fc66166d56dcdb"
  integrity sha512-1fMHaBZxLFvWI067AVbGJav1eRY7N8DDvYCTwGBiE/ytKBgP8azTdgyrKyWZ9Mfh09eHWb5PgTSO8wi7U824RA==

"@chevrotain/types@11.0.3":
  version "11.0.3"
  resolved "https://registry.yarnpkg.com/@chevrotain/types/-/types-11.0.3.tgz#f8a03914f7b937f594f56eb89312b3b8f1c91848"
  integrity sha512-gsiM3G8b58kZC2HaWR50gu6Y1440cHiJ+i3JUvcp/35JchYejb2+5MVeJK0iKThYpAa/P2PYFV4hoi44HD+aHQ==

"@chevrotain/utils@11.0.3":
  version "11.0.3"
  resolved "https://registry.yarnpkg.com/@chevrotain/utils/-/utils-11.0.3.tgz#e39999307b102cff3645ec4f5b3665f5297a2224"
  integrity sha512-YslZMgtJUyuMbZ+aKvfF3x1f5liK4mWNxghFRv7jqRR9C3R3fAOGTTKvxXDa2Y1s9zSbcpuO0cAxDYsc9SrXoQ==

"@gridql/merminator@^3.7.2":
  version "3.7.2"
  resolved "https://registry.yarnpkg.com/@gridql/merminator/-/merminator-3.7.2.tgz#3a7bd348a841f5020df1e28a5687a6184538010e"
  integrity sha512-YXreLW8Gxv+FINsKaQOFK4gMPISsGkE8Qc5iKmF1bZFUZM7jnU6hP4zZ9vX2JyO7Kg7bf+C11K+mWhdv6aVa+Q==
  dependencies:
    chevrotain "^11.0.3"
    commander "^12.0.0"
    pluralize "^8.0.0"

chevrotain@^11.0.3:
  version "11.0.3"
  resolved "https://registry.yarnpkg.com/chevrotain/-/chevrotain-11.0.3.tgz#88ffc1fb4b5739c715807eaeedbbf200e202fc1b"
  integrity sha512-ci2iJH6LeIkvP9eJW6gpueU8cnZhv85ELY8w8WiFtNjMHA5ad6pQLaJo9mEly/9qUyCpvqX8/POVUTf18/HFdw==
  dependencies:
    "@chevrotain/cst-dts-gen" "11.0.3"
    "@chevrotain/gast" "11.0.3"
    "@chevrotain/regexp-to-ast" "11.0.3"
    "@chevrotain/types" "11.0.3"
    "@chevrotain/utils" "11.0.3"
    lodash-es "4.17.21"

commander@^12.0.0:
  version "12.0.0"
  resolved "https://registry.yarnpkg.com/commander/-/commander-12.0.0.tgz#b929db6df8546080adfd004ab215ed48cf6f2592"
  integrity sha512-MwVNWlYjDTtOjX5PiD7o5pK0UrFU/OYgcJfjjK4RaHZETNtjJqrZa9Y9ds88+A+f+d5lv+561eZ+yCKoS3gbAA==

lodash-es@4.17.21:
  version "4.17.21"
  resolved "https://registry.yarnpkg.com/lodash-es/-/lodash-es-4.17.21.tgz#43e626c46e6591b7750beb2b50117390c609e3ee"
  integrity sha512-mKnC+QJ9pWVzv+C4/U3rRsHapFfHvQFoFB92e52xeyGMcX6/OlIl78je1u8vePzYZSkkogMPJ2yjxxsb89cxyw==

pluralize@^8.0.0:
  version "8.0.0"
  resolved "https://registry.yarnpkg.com/pluralize/-/pluralize-8.0.0.tgz#1a6fa16a38d12a1901e0320fa017051c539ce3b1"
  integrity sha512-Nc3IT5yHzflTfbjgqWcCPpo7DaKy4FnpB0l/zCAW0Tc7jxAiuqSxHasntB3D7887LSrA93kDJ9IXovxJYxyLCA==
